
Microsoft Visual Studio Solution File, Format Version 12.00
# Visual Studio Version 17
VisualStudioVersion = 17.11.35327.3
MinimumVisualStudioVersion = 10.0.40219.1
Project("{FAE04EC0-301F-11D3-BF4B-00C04F79EFBC}") = "Clinic_Gui", "Clinic_Gui\Clinic_Gui.csproj", "{58627A6F-AD27-4832-96FA-1B4C5697B598}"
EndProject
Global
	GlobalSection(SolutionConfigurationPlatforms) = preSolution
		Debug|Any CPU = Debug|Any CPU
		Release|Any CPU = Release|Any CPU
	EndGlobalSection
	GlobalSection(ProjectConfigurationPlatforms) = postSolution
		{58627A6F-AD27-4832-96FA-1B4C5697B598}.Debug|Any CPU.ActiveCfg = Debug|Any CPU
		{58627A6F-AD27-4832-96FA-1B4C5697B598}.Debug|Any CPU.Build.0 = Debug|Any CPU
		{58627A6F-AD27-4832-96FA-1B4C5697B598}.Release|Any CPU.ActiveCfg = Release|Any CPU
		{58627A6F-AD27-4832-96FA-1B4C5697B598}.Release|Any CPU.Build.0 = Release|Any CPU
	EndGlobalSection
	GlobalSection(SolutionProperties) = preSolution
		HideSolutionNode = FALSE
	EndGlobalSection
	GlobalSection(ExtensibilityGlobals) = postSolution
		SolutionGuid = {FAC8B050-351D-423E-A870-12F06A1209BB}
	EndGlobalSection
EndGlobal
